
Microsoft Visual Studio Solution File, Format Version 12.00
# Visual Studio Version 17
VisualStudioVersion = 17.5.33530.505
MinimumVisualStudioVersion = 10.0.40219.1
Project("{888888A0-9F3D-457C-B088-3A5042F75D52}") = "PlanetDefense", "PlanetDefense.pyproj", "{CEBC15A3-9A25-47A1-AC8A-0EFC9C3EA1BE}"
EndProject
Global
	GlobalSection(SolutionConfigurationPlatforms) = preSolution
		Debug|Any CPU = Debug|Any CPU
		Release|Any CPU = Release|Any CPU
	EndGlobalSection
	GlobalSection(ProjectConfigurationPlatforms) = postSolution
		{CEBC15A3-9A25-47A1-AC8A-0EFC9C3EA1BE}.Debug|Any CPU.ActiveCfg = Debug|Any CPU
		{CEBC15A3-9A25-47A1-AC8A-0EFC9C3EA1BE}.Release|Any CPU.ActiveCfg = Release|Any CPU
	EndGlobalSection
	GlobalSection(SolutionProperties) = preSolution
		HideSolutionNode = FALSE
	EndGlobalSection
	GlobalSection(ExtensibilityGlobals) = postSolution
		SolutionGuid = {86B64518-2ADD-49B0-A9ED-76CA0697284A}
	EndGlobalSection
EndGlobal
